
Microsoft Visual Studio Solution File, Format Version 12.00
# Visual Studio Version 17
VisualStudioVersion = 17.3.32819.101
MinimumVisualStudioVersion = 10.0.40219.1
Project("{FAE04EC0-301F-11D3-BF4B-00C04F79EFBC}") = "WebServicesDemo", "WebServicesDemo\WebServicesDemo.csproj", "{018CC3BB-8811-4F69-9E2E-4643005B14ED}"
EndProject
Project("{FAE04EC0-301F-11D3-BF4B-00C04F79EFBC}") = "CalculatorWebApplication", "CalculatorWebApplication\CalculatorWebApplication.csproj", "{9EE46754-98EC-4965-BF2F-A8F39F41B540}"
	ProjectSection(ProjectDependencies) = postProject
		{018CC3BB-8811-4F69-9E2E-4643005B14ED} = {018CC3BB-8811-4F69-9E2E-4643005B14ED}
	EndProjectSection
EndProject
Global
	GlobalSection(SolutionConfigurationPlatforms) = preSolution
		Debug|Any CPU = Debug|Any CPU
		Release|Any CPU = Release|Any CPU
	EndGlobalSection
	GlobalSection(ProjectConfigurationPlatforms) = postSolution
		{018CC3BB-8811-4F69-9E2E-4643005B14ED}.Debug|Any CPU.ActiveCfg = Debug|Any CPU
		{018CC3BB-8811-4F69-9E2E-4643005B14ED}.Debug|Any CPU.Build.0 = Debug|Any CPU
		{018CC3BB-8811-4F69-9E2E-4643005B14ED}.Release|Any CPU.ActiveCfg = Release|Any CPU
		{018CC3BB-8811-4F69-9E2E-4643005B14ED}.Release|Any CPU.Build.0 = Release|Any CPU
		{9EE46754-98EC-4965-BF2F-A8F39F41B540}.Debug|Any CPU.ActiveCfg = Debug|Any CPU
		{9EE46754-98EC-4965-BF2F-A8F39F41B540}.Debug|Any CPU.Build.0 = Debug|Any CPU
		{9EE46754-98EC-4965-BF2F-A8F39F41B540}.Release|Any CPU.ActiveCfg = Release|Any CPU
		{9EE46754-98EC-4965-BF2F-A8F39F41B540}.Release|Any CPU.Build.0 = Release|Any CPU
	EndGlobalSection
	GlobalSection(SolutionProperties) = preSolution
		HideSolutionNode = FALSE
	EndGlobalSection
	GlobalSection(ExtensibilityGlobals) = postSolution
		SolutionGuid = {3A74FD32-4F08-457F-8438-4DC74D5C95AC}
	EndGlobalSection
EndGlobal
